
Microsoft Visual Studio Solution File, Format Version 12.00
# Visual Studio Version 16
VisualStudioVersion = 16.0.30611.23
MinimumVisualStudioVersion = 10.0.40219.1
Project("{FAE04EC0-301F-11D3-BF4B-00C04F79EFBC}") = "AddressBookSystem", "AddressBookSystem.csproj", "{0C5BCB7F-1062-442B-B25A-17BDE6CDDAD3}"
EndProject
Global
	GlobalSection(SolutionConfigurationPlatforms) = preSolution
		Debug|Any CPU = Debug|Any CPU
		Release|Any CPU = Release|Any CPU
	EndGlobalSection
	GlobalSection(ProjectConfigurationPlatforms) = postSolution
		{0C5BCB7F-1062-442B-B25A-17BDE6CDDAD3}.Debug|Any CPU.ActiveCfg = Debug|Any CPU
		{0C5BCB7F-1062-442B-B25A-17BDE6CDDAD3}.Debug|Any CPU.Build.0 = Debug|Any CPU
		{0C5BCB7F-1062-442B-B25A-17BDE6CDDAD3}.Release|Any CPU.ActiveCfg = Release|Any CPU
		{0C5BCB7F-1062-442B-B25A-17BDE6CDDAD3}.Release|Any CPU.Build.0 = Release|Any CPU
	EndGlobalSection
	GlobalSection(SolutionProperties) = preSolution
		HideSolutionNode = FALSE
	EndGlobalSection
	GlobalSection(ExtensibilityGlobals) = postSolution
		SolutionGuid = {C0DD0DAA-B65C-41C6-9EF4-556AF8721AAD}
	EndGlobalSection
EndGlobal
